
Microsoft Visual Studio Solution File, Format Version 12.00
# Visual Studio 15
VisualStudioVersion = 15.0.27130.2010
MinimumVisualStudioVersion = 10.0.40219.1
Project("{FAE04EC0-301F-11D3-BF4B-00C04F79EFBC}") = "X.Android", "X\X.Android\X.Android.csproj", "{71215628-1CAC-4C8D-B00C-35ACFBDA4A42}"
EndProject
Project("{D954291E-2A0B-460D-934E-DC6B0785DB48}") = "X", "X\X\X.shproj", "{6702EE52-3370-4397-ADAF-E4C717D1B714}"
EndProject
Global
	GlobalSection(SharedMSBuildProjectFiles) = preSolution
		X\X\X.projitems*{6702ee52-3370-4397-adaf-e4c717d1b714}*SharedItemsImports = 13
		X\X\X.projitems*{71215628-1cac-4c8d-b00c-35acfbda4a42}*SharedItemsImports = 4
	EndGlobalSection
	GlobalSection(SolutionConfigurationPlatforms) = preSolution
		Debug|Any CPU = Debug|Any CPU
		Debug|ARM = Debug|ARM
		Debug|x64 = Debug|x64
		Debug|x86 = Debug|x86
		Release|Any CPU = Release|Any CPU
		Release|ARM = Release|ARM
		Release|x64 = Release|x64
		Release|x86 = Release|x86
	EndGlobalSection
	GlobalSection(ProjectConfigurationPlatforms) = postSolution
		{71215628-1CAC-4C8D-B00C-35ACFBDA4A42}.Debug|Any CPU.ActiveCfg = Debug|Any CPU
		{71215628-1CAC-4C8D-B00C-35ACFBDA4A42}.Debug|Any CPU.Build.0 = Debug|Any CPU
		{71215628-1CAC-4C8D-B00C-35ACFBDA4A42}.Debug|Any CPU.Deploy.0 = Debug|Any CPU
		{71215628-1CAC-4C8D-B00C-35ACFBDA4A42}.Debug|ARM.ActiveCfg = Debug|Any CPU
		{71215628-1CAC-4C8D-B00C-35ACFBDA4A42}.Debug|ARM.Build.0 = Debug|Any CPU
		{71215628-1CAC-4C8D-B00C-35ACFBDA4A42}.Debug|ARM.Deploy.0 = Debug|Any CPU
		{71215628-1CAC-4C8D-B00C-35ACFBDA4A42}.Debug|x64.ActiveCfg = Debug|Any CPU
		{71215628-1CAC-4C8D-B00C-35ACFBDA4A42}.Debug|x64.Build.0 = Debug|Any CPU
		{71215628-1CAC-4C8D-B00C-35ACFBDA4A42}.Debug|x64.Deploy.0 = Debug|Any CPU
		{71215628-1CAC-4C8D-B00C-35ACFBDA4A42}.Debug|x86.ActiveCfg = Debug|Any CPU
		{71215628-1CAC-4C8D-B00C-35ACFBDA4A42}.Debug|x86.Build.0 = Debug|Any CPU
		{71215628-1CAC-4C8D-B00C-35ACFBDA4A42}.Debug|x86.Deploy.0 = Debug|Any CPU
		{71215628-1CAC-4C8D-B00C-35ACFBDA4A42}.Release|Any CPU.ActiveCfg = Release|Any CPU
		{71215628-1CAC-4C8D-B00C-35ACFBDA4A42}.Release|Any CPU.Build.0 = Release|Any CPU
		{71215628-1CAC-4C8D-B00C-35ACFBDA4A42}.Release|Any CPU.Deploy.0 = Release|Any CPU
		{71215628-1CAC-4C8D-B00C-35ACFBDA4A42}.Release|ARM.ActiveCfg = Release|Any CPU
		{71215628-1CAC-4C8D-B00C-35ACFBDA4A42}.Release|ARM.Build.0 = Release|Any CPU
		{71215628-1CAC-4C8D-B00C-35ACFBDA4A42}.Release|ARM.Deploy.0 = Release|Any CPU
		{71215628-1CAC-4C8D-B00C-35ACFBDA4A42}.Release|x64.ActiveCfg = Release|Any CPU
		{71215628-1CAC-4C8D-B00C-35ACFBDA4A42}.Release|x64.Build.0 = Release|Any CPU
		{71215628-1CAC-4C8D-B00C-35ACFBDA4A42}.Release|x64.Deploy.0 = Release|Any CPU
		{71215628-1CAC-4C8D-B00C-35ACFBDA4A42}.Release|x86.ActiveCfg = Release|Any CPU
		{71215628-1CAC-4C8D-B00C-35ACFBDA4A42}.Release|x86.Build.0 = Release|Any CPU
		{71215628-1CAC-4C8D-B00C-35ACFBDA4A42}.Release|x86.Deploy.0 = Release|Any CPU
	EndGlobalSection
	GlobalSection(SolutionProperties) = preSolution
		HideSolutionNode = FALSE
	EndGlobalSection
	GlobalSection(ExtensibilityGlobals) = postSolution
		SolutionGuid = {3CC3D218-5737-4616-AA30-6F0662874688}
	EndGlobalSection
EndGlobal
